
Microsoft Visual Studio Solution File, Format Version 12.00
# Visual Studio Version 16
VisualStudioVersion = 16.0.30611.23
MinimumVisualStudioVersion = 15.0.26124.0
Project("{FAE04EC0-301F-11D3-BF4B-00C04F79EFBC}") = "Gladkov_Kursovaya.Objects", "Objects/Gladkov_Kursovaya.Objects.csproj", "5dc8f098-dfd5-4939-a569-2e0b0b23dd7f"
EndProject
Project("{FAE04EC0-301F-11D3-BF4B-00C04F79EFBC}") = "Gladkov_Kursovaya.Tests", "Tests/Gladkov_Kursovaya.Tests.csproj", "6edae1af-e92e-4906-8191-44656fda6a00"
EndProject
Project("{FAE04EC0-301F-11D3-BF4B-00C04F79EFBC}") = "Gladkov_Kursovaya.ODataBackend", "ODataBackend/Gladkov_Kursovaya.ODataBackend.csproj", "620edcaf-6666-43f2-a583-72c10f24882c"
EndProject
Project("{FAE04EC0-301F-11D3-BF4B-00C04F79EFBC}") = "Gladkov_Kursovaya.IntegrationTests", "IntegrationTests/Gladkov_Kursovaya.IntegrationTests.csproj", "3110501f-1091-43a2-97b9-accbb2367f9b"
EndProject
Global
	GlobalSection(SolutionConfigurationPlatforms) = preSolution
Debug|Any CPU = Debug|Any CPU
Release|Any CPU = Release|Any CPU
	EndGlobalSection
	GlobalSection(ProjectConfigurationPlatforms) = postSolution
		5dc8f098-dfd5-4939-a569-2e0b0b23dd7f.Debug|Any CPU.ActiveCfg = Debug|Any CPU
		5dc8f098-dfd5-4939-a569-2e0b0b23dd7f.Debug|Any CPU.Build.0 = Debug|Any CPU
		5dc8f098-dfd5-4939-a569-2e0b0b23dd7f.Release|Any CPU.ActiveCfg = Release|Any CPU
		5dc8f098-dfd5-4939-a569-2e0b0b23dd7f.Release|Any CPU.Build.0 = Release|Any CPU
		6edae1af-e92e-4906-8191-44656fda6a00.Debug|Any CPU.ActiveCfg = Debug|Any CPU
		6edae1af-e92e-4906-8191-44656fda6a00.Debug|Any CPU.Build.0 = Debug|Any CPU
		6edae1af-e92e-4906-8191-44656fda6a00.Release|Any CPU.ActiveCfg = Release|Any CPU
		6edae1af-e92e-4906-8191-44656fda6a00.Release|Any CPU.Build.0 = Release|Any CPU
		620edcaf-6666-43f2-a583-72c10f24882c.Debug|Any CPU.ActiveCfg = Debug|Any CPU
		620edcaf-6666-43f2-a583-72c10f24882c.Debug|Any CPU.Build.0 = Debug|Any CPU
		620edcaf-6666-43f2-a583-72c10f24882c.Release|Any CPU.ActiveCfg = Release|Any CPU
		620edcaf-6666-43f2-a583-72c10f24882c.Release|Any CPU.Build.0 = Release|Any CPU
		3110501f-1091-43a2-97b9-accbb2367f9b.Debug|Any CPU.ActiveCfg = Debug|Any CPU
		3110501f-1091-43a2-97b9-accbb2367f9b.Debug|Any CPU.Build.0 = Debug|Any CPU
		3110501f-1091-43a2-97b9-accbb2367f9b.Release|Any CPU.ActiveCfg = Release|Any CPU
		3110501f-1091-43a2-97b9-accbb2367f9b.Release|Any CPU.Build.0 = Release|Any CPU
	EndGlobalSection
	GlobalSection(SolutionProperties) = preSolution
		HideSolutionNode = FALSE
	EndGlobalSection
EndGlobal
